
Microsoft Visual Studio Solution File, Format Version 12.00
# Visual Studio Version 17
VisualStudioVersion = 17.1.32407.343
MinimumVisualStudioVersion = 10.0.40219.1
Project("{9A19103F-16F7-4668-BE54-9A1E7A4F7556}") = "CWX_WeatherPatcher", "CWX_WeatherPatcher\CWX_WeatherPatcher.csproj", "{0E6813D8-8989-4643-9D11-138F21CE4963}"
EndProject
Project("{9A19103F-16F7-4668-BE54-9A1E7A4F7556}") = "CWX_BushWhacker", "CWX_BushWhacker\CWX_BushWhacker.csproj", "{FBA1D35B-1115-4333-8A6F-6F5884BD47D9}"
EndProject
Project("{9A19103F-16F7-4668-BE54-9A1E7A4F7556}") = "CWX_DeSharpener", "CWX_DeSharpener\CWX_DeSharpener.csproj", "{42C0189E-B147-4111-94A1-E10F28F38870}"
EndProject
Project("{9A19103F-16F7-4668-BE54-9A1E7A4F7556}") = "CWX_MasterKey", "CWX_MasterKey\CWX_MasterKey.csproj", "{40BE277F-55BE-4579-9535-D1F5ED9CC549}"
EndProject
Project("{9A19103F-16F7-4668-BE54-9A1E7A4F7556}") = "CWX_DebuggingTool", "CWX_DebuggingTool\CWX_DebuggingTool.csproj", "{E439D92F-26FD-42A2-9EA5-38A318EB5403}"
EndProject
Project("{9A19103F-16F7-4668-BE54-9A1E7A4F7556}") = "CWX_ColourAdderPrePatch", "CWX_ColourAdderPrePatch\CWX_ColourAdderPrePatch.csproj", "{B0AE824D-7308-47DD-B0BF-08D48B33CBD7}"
EndProject
Project("{9A19103F-16F7-4668-BE54-9A1E7A4F7556}") = "CWX_ColourAdderPatcher", "CWX_ColourAdderPatcher\CWX_ColourAdderPatcher.csproj", "{6D696C6A-011B-4D53-8D97-D62105B20E0E}"
EndProject
Project("{9A19103F-16F7-4668-BE54-9A1E7A4F7556}") = "CWX_AlarmChanger", "CWX_AlarmChanger\CWX_AlarmChanger.csproj", "{518D3743-AE98-41CD-8A6A-7B537C3FC293}"
EndProject
Project("{9A19103F-16F7-4668-BE54-9A1E7A4F7556}") = "test-layout", "test-layout\test-layout.csproj", "{CBDE7880-21AE-45AC-B216-D1061FD6A8A0}"
EndProject
Project("{FAE04EC0-301F-11D3-BF4B-00C04F79EFBC}") = "CWX_GrassCutter", "CWX_GrassCutter\CWX_GrassCutter.csproj", "{CC095831-11F9-4429-9A5C-BF60EF451E96}"
EndProject
Global
	GlobalSection(SolutionConfigurationPlatforms) = preSolution
		Debug|Any CPU = Debug|Any CPU
		Release|Any CPU = Release|Any CPU
	EndGlobalSection
	GlobalSection(ProjectConfigurationPlatforms) = postSolution
		{0E6813D8-8989-4643-9D11-138F21CE4963}.Debug|Any CPU.ActiveCfg = Debug|Any CPU
		{0E6813D8-8989-4643-9D11-138F21CE4963}.Debug|Any CPU.Build.0 = Debug|Any CPU
		{0E6813D8-8989-4643-9D11-138F21CE4963}.Release|Any CPU.ActiveCfg = Release|Any CPU
		{0E6813D8-8989-4643-9D11-138F21CE4963}.Release|Any CPU.Build.0 = Release|Any CPU
		{FBA1D35B-1115-4333-8A6F-6F5884BD47D9}.Debug|Any CPU.ActiveCfg = Debug|Any CPU
		{FBA1D35B-1115-4333-8A6F-6F5884BD47D9}.Debug|Any CPU.Build.0 = Debug|Any CPU
		{FBA1D35B-1115-4333-8A6F-6F5884BD47D9}.Release|Any CPU.ActiveCfg = Release|Any CPU
		{FBA1D35B-1115-4333-8A6F-6F5884BD47D9}.Release|Any CPU.Build.0 = Release|Any CPU
		{42C0189E-B147-4111-94A1-E10F28F38870}.Debug|Any CPU.ActiveCfg = Debug|Any CPU
		{42C0189E-B147-4111-94A1-E10F28F38870}.Debug|Any CPU.Build.0 = Debug|Any CPU
		{42C0189E-B147-4111-94A1-E10F28F38870}.Release|Any CPU.ActiveCfg = Release|Any CPU
		{42C0189E-B147-4111-94A1-E10F28F38870}.Release|Any CPU.Build.0 = Release|Any CPU
		{40BE277F-55BE-4579-9535-D1F5ED9CC549}.Debug|Any CPU.ActiveCfg = Debug|Any CPU
		{40BE277F-55BE-4579-9535-D1F5ED9CC549}.Debug|Any CPU.Build.0 = Debug|Any CPU
		{40BE277F-55BE-4579-9535-D1F5ED9CC549}.Release|Any CPU.ActiveCfg = Release|Any CPU
		{40BE277F-55BE-4579-9535-D1F5ED9CC549}.Release|Any CPU.Build.0 = Release|Any CPU
		{E439D92F-26FD-42A2-9EA5-38A318EB5403}.Debug|Any CPU.ActiveCfg = Debug|Any CPU
		{E439D92F-26FD-42A2-9EA5-38A318EB5403}.Debug|Any CPU.Build.0 = Debug|Any CPU
		{E439D92F-26FD-42A2-9EA5-38A318EB5403}.Release|Any CPU.ActiveCfg = Release|Any CPU
		{E439D92F-26FD-42A2-9EA5-38A318EB5403}.Release|Any CPU.Build.0 = Release|Any CPU
		{B0AE824D-7308-47DD-B0BF-08D48B33CBD7}.Debug|Any CPU.ActiveCfg = Debug|Any CPU
		{B0AE824D-7308-47DD-B0BF-08D48B33CBD7}.Debug|Any CPU.Build.0 = Debug|Any CPU
		{B0AE824D-7308-47DD-B0BF-08D48B33CBD7}.Release|Any CPU.ActiveCfg = Release|Any CPU
		{B0AE824D-7308-47DD-B0BF-08D48B33CBD7}.Release|Any CPU.Build.0 = Release|Any CPU
		{6D696C6A-011B-4D53-8D97-D62105B20E0E}.Debug|Any CPU.ActiveCfg = Debug|Any CPU
		{6D696C6A-011B-4D53-8D97-D62105B20E0E}.Debug|Any CPU.Build.0 = Debug|Any CPU
		{6D696C6A-011B-4D53-8D97-D62105B20E0E}.Release|Any CPU.ActiveCfg = Release|Any CPU
		{6D696C6A-011B-4D53-8D97-D62105B20E0E}.Release|Any CPU.Build.0 = Release|Any CPU
		{518D3743-AE98-41CD-8A6A-7B537C3FC293}.Debug|Any CPU.ActiveCfg = Debug|Any CPU
		{518D3743-AE98-41CD-8A6A-7B537C3FC293}.Debug|Any CPU.Build.0 = Debug|Any CPU
		{518D3743-AE98-41CD-8A6A-7B537C3FC293}.Release|Any CPU.ActiveCfg = Release|Any CPU
		{518D3743-AE98-41CD-8A6A-7B537C3FC293}.Release|Any CPU.Build.0 = Release|Any CPU
		{CBDE7880-21AE-45AC-B216-D1061FD6A8A0}.Debug|Any CPU.ActiveCfg = Debug|Any CPU
		{CBDE7880-21AE-45AC-B216-D1061FD6A8A0}.Debug|Any CPU.Build.0 = Debug|Any CPU
		{CBDE7880-21AE-45AC-B216-D1061FD6A8A0}.Release|Any CPU.ActiveCfg = Release|Any CPU
		{CBDE7880-21AE-45AC-B216-D1061FD6A8A0}.Release|Any CPU.Build.0 = Release|Any CPU
		{CC095831-11F9-4429-9A5C-BF60EF451E96}.Debug|Any CPU.ActiveCfg = Debug|Any CPU
		{CC095831-11F9-4429-9A5C-BF60EF451E96}.Debug|Any CPU.Build.0 = Debug|Any CPU
		{CC095831-11F9-4429-9A5C-BF60EF451E96}.Release|Any CPU.ActiveCfg = Release|Any CPU
		{CC095831-11F9-4429-9A5C-BF60EF451E96}.Release|Any CPU.Build.0 = Release|Any CPU
	EndGlobalSection
	GlobalSection(SolutionProperties) = preSolution
		HideSolutionNode = FALSE
	EndGlobalSection
	GlobalSection(ExtensibilityGlobals) = postSolution
		SolutionGuid = {3EC1C761-E61A-4A88-92CB-9DF792C05BD5}
	EndGlobalSection
EndGlobal
