
Microsoft Visual Studio Solution File, Format Version 12.00
# Visual Studio Version 17
VisualStudioVersion = 17.3.32922.545
MinimumVisualStudioVersion = 10.0.40219.1
Project("{FAE04EC0-301F-11D3-BF4B-00C04F79EFBC}") = "CWX_PrePatcher", "CWX_PrePatcher.csproj", "{D9D5B5B1-D60D-43C6-B634-FD55A894547E}"
EndProject
Project("{FAE04EC0-301F-11D3-BF4B-00C04F79EFBC}") = "CWX_NewAiType", "..\CWX_NewAiType\CWX_NewAiType.csproj", "{8CC35825-7D6D-467E-9655-85D8BDE928A8}"
EndProject
Global
	GlobalSection(SolutionConfigurationPlatforms) = preSolution
		Debug|Any CPU = Debug|Any CPU
		Release|Any CPU = Release|Any CPU
	EndGlobalSection
	GlobalSection(ProjectConfigurationPlatforms) = postSolution
		{D9D5B5B1-D60D-43C6-B634-FD55A894547E}.Debug|Any CPU.ActiveCfg = Debug|Any CPU
		{D9D5B5B1-D60D-43C6-B634-FD55A894547E}.Debug|Any CPU.Build.0 = Debug|Any CPU
		{D9D5B5B1-D60D-43C6-B634-FD55A894547E}.Release|Any CPU.ActiveCfg = Release|Any CPU
		{D9D5B5B1-D60D-43C6-B634-FD55A894547E}.Release|Any CPU.Build.0 = Release|Any CPU
		{8CC35825-7D6D-467E-9655-85D8BDE928A8}.Debug|Any CPU.ActiveCfg = Debug|Any CPU
		{8CC35825-7D6D-467E-9655-85D8BDE928A8}.Debug|Any CPU.Build.0 = Debug|Any CPU
		{8CC35825-7D6D-467E-9655-85D8BDE928A8}.Release|Any CPU.ActiveCfg = Release|Any CPU
		{8CC35825-7D6D-467E-9655-85D8BDE928A8}.Release|Any CPU.Build.0 = Release|Any CPU
	EndGlobalSection
	GlobalSection(SolutionProperties) = preSolution
		HideSolutionNode = FALSE
	EndGlobalSection
	GlobalSection(ExtensibilityGlobals) = postSolution
		SolutionGuid = {E1D23DF1-429F-4512-BF49-08BDB8CFDD4E}
	EndGlobalSection
EndGlobal
